// !$*UTF8*$!
{
	archiveVersion = 1;
	classes = {
	};
	objectVersion = 51;
	objects = {

/* Begin PBXBuildFile section */
		2D068AE4234D54D500A6E385 /* ItemDetailViewModelTests.swift in Sources */ = {isa = PBXBuildFile; fileRef = 2D068AE3234D54D500A6E385 /* ItemDetailViewModelTests.swift */; };
		2D068AE6234D5F5400A6E385 /* GetItemDetailsSpy.swift in Sources */ = {isa = PBXBuildFile; fileRef = 2D068AE5234D5F5400A6E385 /* GetItemDetailsSpy.swift */; };
		2D068AE8234D5FC800A6E385 /* ItemListViewModelTests.swift in Sources */ = {isa = PBXBuildFile; fileRef = 2D068AE7234D5FC800A6E385 /* ItemListViewModelTests.swift */; };
		2D068AEA234D783200A6E385 /* SearchItemsSpy.swift in Sources */ = {isa = PBXBuildFile; fileRef = 2D068AE9234D783200A6E385 /* SearchItemsSpy.swift */; };
		2D068AED234D7B7100A6E385 /* ItemListViewController.swift in Sources */ = {isa = PBXBuildFile; fileRef = 2D068AEB234D7B7100A6E385 /* ItemListViewController.swift */; };
		2D068AEE234D7B7100A6E385 /* ItemListViewController.xib in Resources */ = {isa = PBXBuildFile; fileRef = 2D068AEC234D7B7100A6E385 /* ItemListViewController.xib */; };
		2D068AF0234D7EC700A6E385 /* ViewModelsFactory.swift in Sources */ = {isa = PBXBuildFile; fileRef = 2D068AEF234D7EC700A6E385 /* ViewModelsFactory.swift */; };
		2D068AF2234D849800A6E385 /* ItemCellView.swift in Sources */ = {isa = PBXBuildFile; fileRef = 2D068AF1234D849800A6E385 /* ItemCellView.swift */; };
		2D068AF4234D84A700A6E385 /* ItemCellView.xib in Resources */ = {isa = PBXBuildFile; fileRef = 2D068AF3234D84A700A6E385 /* ItemCellView.xib */; };
		2D068AF7234D8A2E00A6E385 /* QueryViewData.swift in Sources */ = {isa = PBXBuildFile; fileRef = 2D068AF6234D8A2E00A6E385 /* QueryViewData.swift */; };
		2D068AF9234D925600A6E385 /* ValueStruct.swift in Sources */ = {isa = PBXBuildFile; fileRef = 2D068AF8234D925600A6E385 /* ValueStruct.swift */; };
		2D068AFD234DA08D00A6E385 /* Extensions.swift in Sources */ = {isa = PBXBuildFile; fileRef = 2D068AFC234DA08D00A6E385 /* Extensions.swift */; };
		2D068AFF234DA7BB00A6E385 /* HeaderView.swift in Sources */ = {isa = PBXBuildFile; fileRef = 2D068AFE234DA7BB00A6E385 /* HeaderView.swift */; };
		2D23BF64234FEC1600621811 /* FilterViewData.swift in Sources */ = {isa = PBXBuildFile; fileRef = 2D23BF63234FEC1600621811 /* FilterViewData.swift */; };
		2D23BF66234FEC2800621811 /* ValueViewData.swift in Sources */ = {isa = PBXBuildFile; fileRef = 2D23BF65234FEC2800621811 /* ValueViewData.swift */; };
		2D350E86234935110050F475 /* Item.swift in Sources */ = {isa = PBXBuildFile; fileRef = 2D350E85234935110050F475 /* Item.swift */; };
		2D350E88234935280050F475 /* SearchItems.swift in Sources */ = {isa = PBXBuildFile; fileRef = 2D350E87234935280050F475 /* SearchItems.swift */; };
		2D350E8B2349354B0050F475 /* ItemsRepository.swift in Sources */ = {isa = PBXBuildFile; fileRef = 2D350E8A2349354B0050F475 /* ItemsRepository.swift */; };
		2D350E8E234935670050F475 /* InMemoryItemsRepository.swift in Sources */ = {isa = PBXBuildFile; fileRef = 2D350E8D234935670050F475 /* InMemoryItemsRepository.swift */; };
		2D350E92234936BF0050F475 /* ItemDetailViewModel.swift in Sources */ = {isa = PBXBuildFile; fileRef = 2D350E91234936BF0050F475 /* ItemDetailViewModel.swift */; };
		2D350E94234936CA0050F475 /* ItemListViewModel.swift in Sources */ = {isa = PBXBuildFile; fileRef = 2D350E93234936CA0050F475 /* ItemListViewModel.swift */; };
		2D350E99234BE46C0050F475 /* SearchItemsTests.swift in Sources */ = {isa = PBXBuildFile; fileRef = 2D350E98234BE46C0050F475 /* SearchItemsTests.swift */; };
		2D350E9C234BF8390050F475 /* SearchItemsRepositorySpy.swift in Sources */ = {isa = PBXBuildFile; fileRef = 2D350E9B234BF8390050F475 /* SearchItemsRepositorySpy.swift */; };
		2D350E9E234BF8D30050F475 /* SearchConfigurationsRepositorySpy.swift in Sources */ = {isa = PBXBuildFile; fileRef = 2D350E9D234BF8D30050F475 /* SearchConfigurationsRepositorySpy.swift */; };
		2D350EA0234BF8FC0050F475 /* ItemsRepositorySpy.swift in Sources */ = {isa = PBXBuildFile; fileRef = 2D350E9F234BF8FC0050F475 /* ItemsRepositorySpy.swift */; };
		2D350EA2234BF9B60050F475 /* QueryFilter.swift in Sources */ = {isa = PBXBuildFile; fileRef = 2D350EA1234BF9B60050F475 /* QueryFilter.swift */; };
		2D350EA4234BF9E50050F475 /* SearchItemsRepository.swift in Sources */ = {isa = PBXBuildFile; fileRef = 2D350EA3234BF9E50050F475 /* SearchItemsRepository.swift */; };
		2D350EA6234BFA030050F475 /* SearchResponse.swift in Sources */ = {isa = PBXBuildFile; fileRef = 2D350EA5234BFA030050F475 /* SearchResponse.swift */; };
		2D350EA8234BFA240050F475 /* SearchConfigurationsRepository.swift in Sources */ = {isa = PBXBuildFile; fileRef = 2D350EA7234BFA240050F475 /* SearchConfigurationsRepository.swift */; };
		2D350EAA234BFA3B0050F475 /* SearchConfigurations.swift in Sources */ = {isa = PBXBuildFile; fileRef = 2D350EA9234BFA3B0050F475 /* SearchConfigurations.swift */; };
		2D350EAC234BFC2A0050F475 /* InMemorySearchConfigurationsRepository.swift in Sources */ = {isa = PBXBuildFile; fileRef = 2D350EAB234BFC2A0050F475 /* InMemorySearchConfigurationsRepository.swift */; };
		2D350EAE234BFD8F0050F475 /* ApiSearchItemsRepository.swift in Sources */ = {isa = PBXBuildFile; fileRef = 2D350EAD234BFD8F0050F475 /* ApiSearchItemsRepository.swift */; };
		2D350EB1234C19EF0050F475 /* ApiError.swift in Sources */ = {isa = PBXBuildFile; fileRef = 2D350EB0234C19EF0050F475 /* ApiError.swift */; };
		2D350EB4234C2E170050F475 /* SearchDataResponse.swift in Sources */ = {isa = PBXBuildFile; fileRef = 2D350EB3234C2E170050F475 /* SearchDataResponse.swift */; };
		2D350EB6234C2E740050F475 /* PagingDataResponse.swift in Sources */ = {isa = PBXBuildFile; fileRef = 2D350EB5234C2E740050F475 /* PagingDataResponse.swift */; };
		2D350EB9234C2F180050F475 /* ItemDataResponse.swift in Sources */ = {isa = PBXBuildFile; fileRef = 2D350EB8234C2F180050F475 /* ItemDataResponse.swift */; };
		2D350EBB234C36770050F475 /* SellerDataResponse.swift in Sources */ = {isa = PBXBuildFile; fileRef = 2D350EBA234C36770050F475 /* SellerDataResponse.swift */; };
		2D350EBD234C37200050F475 /* InstallmentsDataResponse.swift in Sources */ = {isa = PBXBuildFile; fileRef = 2D350EBC234C37200050F475 /* InstallmentsDataResponse.swift */; };
		2D350EBF234C383A0050F475 /* AddressDataResponse.swift in Sources */ = {isa = PBXBuildFile; fileRef = 2D350EBE234C383A0050F475 /* AddressDataResponse.swift */; };
		2D350EC1234C39710050F475 /* ShippingDataResponse.swift in Sources */ = {isa = PBXBuildFile; fileRef = 2D350EC0234C39710050F475 /* ShippingDataResponse.swift */; };
		2D350EC3234C3B0F0050F475 /* SellerAddressDataResponse.swift in Sources */ = {isa = PBXBuildFile; fileRef = 2D350EC2234C3B0F0050F475 /* SellerAddressDataResponse.swift */; };
		2D350EC5234C3B310050F475 /* CountryDataResponse.swift in Sources */ = {isa = PBXBuildFile; fileRef = 2D350EC4234C3B310050F475 /* CountryDataResponse.swift */; };
		2D350EC7234C3B580050F475 /* StateDataResponse.swift in Sources */ = {isa = PBXBuildFile; fileRef = 2D350EC6234C3B580050F475 /* StateDataResponse.swift */; };
		2D350EC9234C3B6A0050F475 /* CityDataResponse.swift in Sources */ = {isa = PBXBuildFile; fileRef = 2D350EC8234C3B6A0050F475 /* CityDataResponse.swift */; };
		2D350ECB234C3CDB0050F475 /* AttributesDataResponse.swift in Sources */ = {isa = PBXBuildFile; fileRef = 2D350ECA234C3CDB0050F475 /* AttributesDataResponse.swift */; };
		2D350ECD234C3CED0050F475 /* ValuesDataResponse.swift in Sources */ = {isa = PBXBuildFile; fileRef = 2D350ECC234C3CED0050F475 /* ValuesDataResponse.swift */; };
		2D350ECF234C3E210050F475 /* SortDataResponse.swift in Sources */ = {isa = PBXBuildFile; fileRef = 2D350ECE234C3E210050F475 /* SortDataResponse.swift */; };
		2D350ED1234C3F660050F475 /* FilterDataResponse.swift in Sources */ = {isa = PBXBuildFile; fileRef = 2D350ED0234C3F660050F475 /* FilterDataResponse.swift */; };
		2D350ED3234C3F7A0050F475 /* FilterValuesDataResponse.swift in Sources */ = {isa = PBXBuildFile; fileRef = 2D350ED2234C3F7A0050F475 /* FilterValuesDataResponse.swift */; };
		2D350ED5234C3F8D0050F475 /* PathFromRootDataResponse.swift in Sources */ = {isa = PBXBuildFile; fileRef = 2D350ED4234C3F8D0050F475 /* PathFromRootDataResponse.swift */; };
		2D350ED7234C45040050F475 /* GetItemsTests.swift in Sources */ = {isa = PBXBuildFile; fileRef = 2D350ED6234C45040050F475 /* GetItemsTests.swift */; };
		2D350ED9234C46FB0050F475 /* GetItems.swift in Sources */ = {isa = PBXBuildFile; fileRef = 2D350ED8234C46FB0050F475 /* GetItems.swift */; };
		2D350EDB234C47390050F475 /* GetSearchConfigurationsTests.swift in Sources */ = {isa = PBXBuildFile; fileRef = 2D350EDA234C47390050F475 /* GetSearchConfigurationsTests.swift */; };
		2D350EDD234C497B0050F475 /* GetSearchConfigurations.swift in Sources */ = {isa = PBXBuildFile; fileRef = 2D350EDC234C497B0050F475 /* GetSearchConfigurations.swift */; };
		2D350EDF234C513C0050F475 /* Seller.swift in Sources */ = {isa = PBXBuildFile; fileRef = 2D350EDE234C513C0050F475 /* Seller.swift */; };
		2D350EE1234C52600050F475 /* Installments.swift in Sources */ = {isa = PBXBuildFile; fileRef = 2D350EE0234C52600050F475 /* Installments.swift */; };
		2D350EE3234C52EE0050F475 /* Address.swift in Sources */ = {isa = PBXBuildFile; fileRef = 2D350EE2234C52EE0050F475 /* Address.swift */; };
		2D350EE5234C534E0050F475 /* Shipping.swift in Sources */ = {isa = PBXBuildFile; fileRef = 2D350EE4234C534E0050F475 /* Shipping.swift */; };
		2D350EE7234C53E00050F475 /* SellerAddress.swift in Sources */ = {isa = PBXBuildFile; fileRef = 2D350EE6234C53E00050F475 /* SellerAddress.swift */; };
		2D350EE9234C54B40050F475 /* Attributes.swift in Sources */ = {isa = PBXBuildFile; fileRef = 2D350EE8234C54B40050F475 /* Attributes.swift */; };
		2D350EEB234C59FB0050F475 /* GetItemDetailsTests.swift in Sources */ = {isa = PBXBuildFile; fileRef = 2D350EEA234C59FB0050F475 /* GetItemDetailsTests.swift */; };
		2D350EED234C5B660050F475 /* GetItemDetails.swift in Sources */ = {isa = PBXBuildFile; fileRef = 2D350EEC234C5B660050F475 /* GetItemDetails.swift */; };
		2D4372BC23493173001EB1EC /* AppDelegate.swift in Sources */ = {isa = PBXBuildFile; fileRef = 2D4372BB23493173001EB1EC /* AppDelegate.swift */; };
		2D4372BE23493173001EB1EC /* ViewController.swift in Sources */ = {isa = PBXBuildFile; fileRef = 2D4372BD23493173001EB1EC /* ViewController.swift */; };
		2D4372C123493173001EB1EC /* Main.storyboard in Resources */ = {isa = PBXBuildFile; fileRef = 2D4372BF23493173001EB1EC /* Main.storyboard */; };
		2D4372C323493177001EB1EC /* Assets.xcassets in Resources */ = {isa = PBXBuildFile; fileRef = 2D4372C223493177001EB1EC /* Assets.xcassets */; };
		2D4372C623493177001EB1EC /* LaunchScreen.storyboard in Resources */ = {isa = PBXBuildFile; fileRef = 2D4372C423493177001EB1EC /* LaunchScreen.storyboard */; };
		2D51E50F234E6E25002376F5 /* FilterCellView.swift in Sources */ = {isa = PBXBuildFile; fileRef = 2D51E50D234E6E25002376F5 /* FilterCellView.swift */; };
		2D51E510234E6E25002376F5 /* FilterCellView.xib in Resources */ = {isa = PBXBuildFile; fileRef = 2D51E50E234E6E25002376F5 /* FilterCellView.xib */; };
		2D51E514234E784A002376F5 /* FilterHeaderView.swift in Sources */ = {isa = PBXBuildFile; fileRef = 2D51E512234E784A002376F5 /* FilterHeaderView.swift */; };
		2D51E516234E787C002376F5 /* FilterHeaderView.xib in Resources */ = {isa = PBXBuildFile; fileRef = 2D51E515234E787C002376F5 /* FilterHeaderView.xib */; };
		84D1BF597011DA9410A31922 /* Pods_meli_mobile_candidateTests.framework in Frameworks */ = {isa = PBXBuildFile; fileRef = 8487259E392D77392A122A10 /* Pods_meli_mobile_candidateTests.framework */; };
		A57B90E16F4ADC673B4EB2B5 /* Pods_meli_mobile_candidate.framework in Frameworks */ = {isa = PBXBuildFile; fileRef = 886977B130588E8C77F0A594 /* Pods_meli_mobile_candidate.framework */; };
/* End PBXBuildFile section */

/* Begin PBXContainerItemProxy section */
		2D4372CD23493177001EB1EC /* PBXContainerItemProxy */ = {
			isa = PBXContainerItemProxy;
			containerPortal = 2D4372B023493172001EB1EC /* Project object */;
			proxyType = 1;
			remoteGlobalIDString = 2D4372B723493173001EB1EC;
			remoteInfo = "meli-mobile-candidate";
		};
/* End PBXContainerItemProxy section */

/* Begin PBXFileReference section */
		0163BB1BE7D4A3ADDD614E8A /* Pods-meli-mobile-candidateTests.release.xcconfig */ = {isa = PBXFileReference; includeInIndex = 1; lastKnownFileType = text.xcconfig; name = "Pods-meli-mobile-candidateTests.release.xcconfig"; path = "Target Support Files/Pods-meli-mobile-candidateTests/Pods-meli-mobile-candidateTests.release.xcconfig"; sourceTree = "<group>"; };
		16029984398B9FFE95CA34E6 /* Pods-meli-mobile-candidate.debug.xcconfig */ = {isa = PBXFileReference; includeInIndex = 1; lastKnownFileType = text.xcconfig; name = "Pods-meli-mobile-candidate.debug.xcconfig"; path = "Target Support Files/Pods-meli-mobile-candidate/Pods-meli-mobile-candidate.debug.xcconfig"; sourceTree = "<group>"; };
		1A33364BF6FEFCFC1780343C /* Pods-meli-mobile-candidate.release.xcconfig */ = {isa = PBXFileReference; includeInIndex = 1; lastKnownFileType = text.xcconfig; name = "Pods-meli-mobile-candidate.release.xcconfig"; path = "Target Support Files/Pods-meli-mobile-candidate/Pods-meli-mobile-candidate.release.xcconfig"; sourceTree = "<group>"; };
		2D068AE3234D54D500A6E385 /* ItemDetailViewModelTests.swift */ = {isa = PBXFileReference; lastKnownFileType = sourcecode.swift; path = ItemDetailViewModelTests.swift; sourceTree = "<group>"; };
		2D068AE5234D5F5400A6E385 /* GetItemDetailsSpy.swift */ = {isa = PBXFileReference; lastKnownFileType = sourcecode.swift; path = GetItemDetailsSpy.swift; sourceTree = "<group>"; };
		2D068AE7234D5FC800A6E385 /* ItemListViewModelTests.swift */ = {isa = PBXFileReference; lastKnownFileType = sourcecode.swift; path = ItemListViewModelTests.swift; sourceTree = "<group>"; };
		2D068AE9234D783200A6E385 /* SearchItemsSpy.swift */ = {isa = PBXFileReference; lastKnownFileType = sourcecode.swift; path = SearchItemsSpy.swift; sourceTree = "<group>"; };
		2D068AEB234D7B7100A6E385 /* ItemListViewController.swift */ = {isa = PBXFileReference; lastKnownFileType = sourcecode.swift; path = ItemListViewController.swift; sourceTree = "<group>"; };
		2D068AEC234D7B7100A6E385 /* ItemListViewController.xib */ = {isa = PBXFileReference; lastKnownFileType = file.xib; path = ItemListViewController.xib; sourceTree = "<group>"; };
		2D068AEF234D7EC700A6E385 /* ViewModelsFactory.swift */ = {isa = PBXFileReference; lastKnownFileType = sourcecode.swift; path = ViewModelsFactory.swift; sourceTree = "<group>"; };
		2D068AF1234D849800A6E385 /* ItemCellView.swift */ = {isa = PBXFileReference; lastKnownFileType = sourcecode.swift; path = ItemCellView.swift; sourceTree = "<group>"; };
		2D068AF3234D84A700A6E385 /* ItemCellView.xib */ = {isa = PBXFileReference; lastKnownFileType = file.xib; path = ItemCellView.xib; sourceTree = "<group>"; };
		2D068AF6234D8A2E00A6E385 /* QueryViewData.swift */ = {isa = PBXFileReference; lastKnownFileType = sourcecode.swift; path = QueryViewData.swift; sourceTree = "<group>"; };
		2D068AF8234D925600A6E385 /* ValueStruct.swift */ = {isa = PBXFileReference; lastKnownFileType = sourcecode.swift; path = ValueStruct.swift; sourceTree = "<group>"; };
		2D068AFC234DA08D00A6E385 /* Extensions.swift */ = {isa = PBXFileReference; lastKnownFileType = sourcecode.swift; path = Extensions.swift; sourceTree = "<group>"; };
		2D068AFE234DA7BB00A6E385 /* HeaderView.swift */ = {isa = PBXFileReference; lastKnownFileType = sourcecode.swift; path = HeaderView.swift; sourceTree = "<group>"; };
		2D23BF63234FEC1600621811 /* FilterViewData.swift */ = {isa = PBXFileReference; lastKnownFileType = sourcecode.swift; path = FilterViewData.swift; sourceTree = "<group>"; };
		2D23BF65234FEC2800621811 /* ValueViewData.swift */ = {isa = PBXFileReference; lastKnownFileType = sourcecode.swift; path = ValueViewData.swift; sourceTree = "<group>"; };
		2D350E85234935110050F475 /* Item.swift */ = {isa = PBXFileReference; lastKnownFileType = sourcecode.swift; path = Item.swift; sourceTree = "<group>"; };
		2D350E87234935280050F475 /* SearchItems.swift */ = {isa = PBXFileReference; lastKnownFileType = sourcecode.swift; path = SearchItems.swift; sourceTree = "<group>"; };
		2D350E8A2349354B0050F475 /* ItemsRepository.swift */ = {isa = PBXFileReference; lastKnownFileType = sourcecode.swift; path = ItemsRepository.swift; sourceTree = "<group>"; };
		2D350E8D234935670050F475 /* InMemoryItemsRepository.swift */ = {isa = PBXFileReference; lastKnownFileType = sourcecode.swift; path = InMemoryItemsRepository.swift; sourceTree = "<group>"; };
		2D350E91234936BF0050F475 /* ItemDetailViewModel.swift */ = {isa = PBXFileReference; lastKnownFileType = sourcecode.swift; path = ItemDetailViewModel.swift; sourceTree = "<group>"; };
		2D350E93234936CA0050F475 /* ItemListViewModel.swift */ = {isa = PBXFileReference; lastKnownFileType = sourcecode.swift; path = ItemListViewModel.swift; sourceTree = "<group>"; };
		2D350E98234BE46C0050F475 /* SearchItemsTests.swift */ = {isa = PBXFileReference; lastKnownFileType = sourcecode.swift; path = SearchItemsTests.swift; sourceTree = "<group>"; };
		2D350E9B234BF8390050F475 /* SearchItemsRepositorySpy.swift */ = {isa = PBXFileReference; lastKnownFileType = sourcecode.swift; path = SearchItemsRepositorySpy.swift; sourceTree = "<group>"; };
		2D350E9D234BF8D30050F475 /* SearchConfigurationsRepositorySpy.swift */ = {isa = PBXFileReference; lastKnownFileType = sourcecode.swift; path = SearchConfigurationsRepositorySpy.swift; sourceTree = "<group>"; };
		2D350E9F234BF8FC0050F475 /* ItemsRepositorySpy.swift */ = {isa = PBXFileReference; lastKnownFileType = sourcecode.swift; path = ItemsRepositorySpy.swift; sourceTree = "<group>"; };
		2D350EA1234BF9B60050F475 /* QueryFilter.swift */ = {isa = PBXFileReference; lastKnownFileType = sourcecode.swift; path = QueryFilter.swift; sourceTree = "<group>"; };
		2D350EA3234BF9E50050F475 /* SearchItemsRepository.swift */ = {isa = PBXFileReference; lastKnownFileType = sourcecode.swift; path = SearchItemsRepository.swift; sourceTree = "<group>"; };
		2D350EA5234BFA030050F475 /* SearchResponse.swift */ = {isa = PBXFileReference; lastKnownFileType = sourcecode.swift; path = SearchResponse.swift; sourceTree = "<group>"; };
		2D350EA7234BFA240050F475 /* SearchConfigurationsRepository.swift */ = {isa = PBXFileReference; lastKnownFileType = sourcecode.swift; path = SearchConfigurationsRepository.swift; sourceTree = "<group>"; };
		2D350EA9234BFA3B0050F475 /* SearchConfigurations.swift */ = {isa = PBXFileReference; lastKnownFileType = sourcecode.swift; path = SearchConfigurations.swift; sourceTree = "<group>"; };
		2D350EAB234BFC2A0050F475 /* InMemorySearchConfigurationsRepository.swift */ = {isa = PBXFileReference; lastKnownFileType = sourcecode.swift; path = InMemorySearchConfigurationsRepository.swift; sourceTree = "<group>"; };
		2D350EAD234BFD8F0050F475 /* ApiSearchItemsRepository.swift */ = {isa = PBXFileReference; lastKnownFileType = sourcecode.swift; path = ApiSearchItemsRepository.swift; sourceTree = "<group>"; };
		2D350EB0234C19EF0050F475 /* ApiError.swift */ = {isa = PBXFileReference; lastKnownFileType = sourcecode.swift; path = ApiError.swift; sourceTree = "<group>"; };
		2D350EB3234C2E170050F475 /* SearchDataResponse.swift */ = {isa = PBXFileReference; lastKnownFileType = sourcecode.swift; path = SearchDataResponse.swift; sourceTree = "<group>"; };
		2D350EB5234C2E740050F475 /* PagingDataResponse.swift */ = {isa = PBXFileReference; lastKnownFileType = sourcecode.swift; path = PagingDataResponse.swift; sourceTree = "<group>"; };
		2D350EB8234C2F180050F475 /* ItemDataResponse.swift */ = {isa = PBXFileReference; lastKnownFileType = sourcecode.swift; path = ItemDataResponse.swift; sourceTree = "<group>"; };
		2D350EBA234C36770050F475 /* SellerDataResponse.swift */ = {isa = PBXFileReference; lastKnownFileType = sourcecode.swift; path = SellerDataResponse.swift; sourceTree = "<group>"; };
		2D350EBC234C37200050F475 /* InstallmentsDataResponse.swift */ = {isa = PBXFileReference; lastKnownFileType = sourcecode.swift; path = InstallmentsDataResponse.swift; sourceTree = "<group>"; };
		2D350EBE234C383A0050F475 /* AddressDataResponse.swift */ = {isa = PBXFileReference; lastKnownFileType = sourcecode.swift; path = AddressDataResponse.swift; sourceTree = "<group>"; };
		2D350EC0234C39710050F475 /* ShippingDataResponse.swift */ = {isa = PBXFileReference; lastKnownFileType = sourcecode.swift; path = ShippingDataResponse.swift; sourceTree = "<group>"; };
		2D350EC2234C3B0F0050F475 /* SellerAddressDataResponse.swift */ = {isa = PBXFileReference; lastKnownFileType = sourcecode.swift; path = SellerAddressDataResponse.swift; sourceTree = "<group>"; };
		2D350EC4234C3B310050F475 /* CountryDataResponse.swift */ = {isa = PBXFileReference; lastKnownFileType = sourcecode.swift; path = CountryDataResponse.swift; sourceTree = "<group>"; };
		2D350EC6234C3B580050F475 /* StateDataResponse.swift */ = {isa = PBXFileReference; lastKnownFileType = sourcecode.swift; path = StateDataResponse.swift; sourceTree = "<group>"; };
		2D350EC8234C3B6A0050F475 /* CityDataResponse.swift */ = {isa = PBXFileReference; lastKnownFileType = sourcecode.swift; path = CityDataResponse.swift; sourceTree = "<group>"; };
		2D350ECA234C3CDB0050F475 /* AttributesDataResponse.swift */ = {isa = PBXFileReference; lastKnownFileType = sourcecode.swift; path = AttributesDataResponse.swift; sourceTree = "<group>"; };
		2D350ECC234C3CED0050F475 /* ValuesDataResponse.swift */ = {isa = PBXFileReference; lastKnownFileType = sourcecode.swift; path = ValuesDataResponse.swift; sourceTree = "<group>"; };
		2D350ECE234C3E210050F475 /* SortDataResponse.swift */ = {isa = PBXFileReference; lastKnownFileType = sourcecode.swift; path = SortDataResponse.swift; sourceTree = "<group>"; };
		2D350ED0234C3F660050F475 /* FilterDataResponse.swift */ = {isa = PBXFileReference; lastKnownFileType = sourcecode.swift; path = FilterDataResponse.swift; sourceTree = "<group>"; };
		2D350ED2234C3F7A0050F475 /* FilterValuesDataResponse.swift */ = {isa = PBXFileReference; lastKnownFileType = sourcecode.swift; path = FilterValuesDataResponse.swift; sourceTree = "<group>"; };
		2D350ED4234C3F8D0050F475 /* PathFromRootDataResponse.swift */ = {isa = PBXFileReference; lastKnownFileType = sourcecode.swift; path = PathFromRootDataResponse.swift; sourceTree = "<group>"; };
		2D350ED6234C45040050F475 /* GetItemsTests.swift */ = {isa = PBXFileReference; lastKnownFileType = sourcecode.swift; path = GetItemsTests.swift; sourceTree = "<group>"; };
		2D350ED8234C46FB0050F475 /* GetItems.swift */ = {isa = PBXFileReference; lastKnownFileType = sourcecode.swift; path = GetItems.swift; sourceTree = "<group>"; };
		2D350EDA234C47390050F475 /* GetSearchConfigurationsTests.swift */ = {isa = PBXFileReference; lastKnownFileType = sourcecode.swift; path = GetSearchConfigurationsTests.swift; sourceTree = "<group>"; };
		2D350EDC234C497B0050F475 /* GetSearchConfigurations.swift */ = {isa = PBXFileReference; lastKnownFileType = sourcecode.swift; path = GetSearchConfigurations.swift; sourceTree = "<group>"; };
		2D350EDE234C513C0050F475 /* Seller.swift */ = {isa = PBXFileReference; lastKnownFileType = sourcecode.swift; path = Seller.swift; sourceTree = "<group>"; };
		2D350EE0234C52600050F475 /* Installments.swift */ = {isa = PBXFileReference; lastKnownFileType = sourcecode.swift; path = Installments.swift; sourceTree = "<group>"; };
		2D350EE2234C52EE0050F475 /* Address.swift */ = {isa = PBXFileReference; lastKnownFileType = sourcecode.swift; path = Address.swift; sourceTree = "<group>"; };
		2D350EE4234C534E0050F475 /* Shipping.swift */ = {isa = PBXFileReference; lastKnownFileType = sourcecode.swift; path = Shipping.swift; sourceTree = "<group>"; };
		2D350EE6234C53E00050F475 /* SellerAddress.swift */ = {isa = PBXFileReference; lastKnownFileType = sourcecode.swift; path = SellerAddress.swift; sourceTree = "<group>"; };
		2D350EE8234C54B40050F475 /* Attributes.swift */ = {isa = PBXFileReference; lastKnownFileType = sourcecode.swift; path = Attributes.swift; sourceTree = "<group>"; };
		2D350EEA234C59FB0050F475 /* GetItemDetailsTests.swift */ = {isa = PBXFileReference; lastKnownFileType = sourcecode.swift; path = GetItemDetailsTests.swift; sourceTree = "<group>"; };
		2D350EEC234C5B660050F475 /* GetItemDetails.swift */ = {isa = PBXFileReference; lastKnownFileType = sourcecode.swift; path = GetItemDetails.swift; sourceTree = "<group>"; };
		2D4372B823493173001EB1EC /* meli-mobile-candidate.app */ = {isa = PBXFileReference; explicitFileType = wrapper.application; includeInIndex = 0; path = "meli-mobile-candidate.app"; sourceTree = BUILT_PRODUCTS_DIR; };
		2D4372BB23493173001EB1EC /* AppDelegate.swift */ = {isa = PBXFileReference; lastKnownFileType = sourcecode.swift; path = AppDelegate.swift; sourceTree = "<group>"; };
		2D4372BD23493173001EB1EC /* ViewController.swift */ = {isa = PBXFileReference; lastKnownFileType = sourcecode.swift; path = ViewController.swift; sourceTree = "<group>"; };
		2D4372C023493173001EB1EC /* Base */ = {isa = PBXFileReference; lastKnownFileType = file.storyboard; name = Base; path = Base.lproj/Main.storyboard; sourceTree = "<group>"; };
		2D4372C223493177001EB1EC /* Assets.xcassets */ = {isa = PBXFileReference; lastKnownFileType = folder.assetcatalog; path = Assets.xcassets; sourceTree = "<group>"; };
		2D4372C523493177001EB1EC /* Base */ = {isa = PBXFileReference; lastKnownFileType = file.storyboard; name = Base; path = Base.lproj/LaunchScreen.storyboard; sourceTree = "<group>"; };
		2D4372C723493177001EB1EC /* Info.plist */ = {isa = PBXFileReference; lastKnownFileType = text.plist.xml; path = Info.plist; sourceTree = "<group>"; };
		2D4372CC23493177001EB1EC /* meli-mobile-candidateTests.xctest */ = {isa = PBXFileReference; explicitFileType = wrapper.cfbundle; includeInIndex = 0; path = "meli-mobile-candidateTests.xctest"; sourceTree = BUILT_PRODUCTS_DIR; };
		2D4372D223493177001EB1EC /* Info.plist */ = {isa = PBXFileReference; lastKnownFileType = text.plist.xml; path = Info.plist; sourceTree = "<group>"; };
		2D51E50D234E6E25002376F5 /* FilterCellView.swift */ = {isa = PBXFileReference; fileEncoding = 4; lastKnownFileType = sourcecode.swift; path = FilterCellView.swift; sourceTree = "<group>"; };
		2D51E50E234E6E25002376F5 /* FilterCellView.xib */ = {isa = PBXFileReference; fileEncoding = 4; lastKnownFileType = file.xib; path = FilterCellView.xib; sourceTree = "<group>"; };
		2D51E512234E784A002376F5 /* FilterHeaderView.swift */ = {isa = PBXFileReference; fileEncoding = 4; lastKnownFileType = sourcecode.swift; path = FilterHeaderView.swift; sourceTree = "<group>"; };
		2D51E515234E787C002376F5 /* FilterHeaderView.xib */ = {isa = PBXFileReference; lastKnownFileType = file.xib; path = FilterHeaderView.xib; sourceTree = "<group>"; };
		41AEFD46D59089B131D9DE6D /* Pods-meli-mobile-candidateTests.debug.xcconfig */ = {isa = PBXFileReference; includeInIndex = 1; lastKnownFileType = text.xcconfig; name = "Pods-meli-mobile-candidateTests.debug.xcconfig"; path = "Target Support Files/Pods-meli-mobile-candidateTests/Pods-meli-mobile-candidateTests.debug.xcconfig"; sourceTree = "<group>"; };
		8487259E392D77392A122A10 /* Pods_meli_mobile_candidateTests.framework */ = {isa = PBXFileReference; explicitFileType = wrapper.framework; includeInIndex = 0; path = Pods_meli_mobile_candidateTests.framework; sourceTree = BUILT_PRODUCTS_DIR; };
		886977B130588E8C77F0A594 /* Pods_meli_mobile_candidate.framework */ = {isa = PBXFileReference; explicitFileType = wrapper.framework; includeInIndex = 0; path = Pods_meli_mobile_candidate.framework; sourceTree = BUILT_PRODUCTS_DIR; };
/* End PBXFileReference section */

/* Begin PBXFrameworksBuildPhase section */
		2D4372B523493173001EB1EC /* Frameworks */ = {
			isa = PBXFrameworksBuildPhase;
			buildActionMask = 2147483647;
			files = (
				A57B90E16F4ADC673B4EB2B5 /* Pods_meli_mobile_candidate.framework in Frameworks */,
			);
			runOnlyForDeploymentPostprocessing = 0;
		};
		2D4372C923493177001EB1EC /* Frameworks */ = {
			isa = PBXFrameworksBuildPhase;
			buildActionMask = 2147483647;
			files = (
				84D1BF597011DA9410A31922 /* Pods_meli_mobile_candidateTests.framework in Frameworks */,
			);
			runOnlyForDeploymentPostprocessing = 0;
		};
/* End PBXFrameworksBuildPhase section */

/* Begin PBXGroup section */
		2D068AE2234D54A800A6E385 /* Presentation */ = {
			isa = PBXGroup;
			children = (
				2D068AE3234D54D500A6E385 /* ItemDetailViewModelTests.swift */,
				2D068AE7234D5FC800A6E385 /* ItemListViewModelTests.swift */,
			);
			path = Presentation;
			sourceTree = "<group>";
		};
		2D068AF5234D8A1F00A6E385 /* ViewData */ = {
			isa = PBXGroup;
			children = (
				2D068AF6234D8A2E00A6E385 /* QueryViewData.swift */,
				2D23BF63234FEC1600621811 /* FilterViewData.swift */,
				2D23BF65234FEC2800621811 /* ValueViewData.swift */,
			);
			path = ViewData;
			sourceTree = "<group>";
		};
		2D350E80234934AC0050F475 /* Domain */ = {
			isa = PBXGroup;
			children = (
				2D350E89234935340050F475 /* Repositories */,
				2D350E84234935000050F475 /* Entities */,
				2D350E83234934F90050F475 /* Actions */,
			);
			path = Domain;
			sourceTree = "<group>";
		};
		2D350E81234934B80050F475 /* Infrastructure */ = {
			isa = PBXGroup;
			children = (
				2D350EB2234C2E050050F475 /* Responses */,
				2D350EAF234C19E40050F475 /* Entities */,
				2D350E8C234935530050F475 /* Repositories */,
			);
			path = Infrastructure;
			sourceTree = "<group>";
		};
		2D350E82234934C40050F475 /* Presentation */ = {
			isa = PBXGroup;
			children = (
				2D068AEF234D7EC700A6E385 /* ViewModelsFactory.swift */,
				2D068AF5234D8A1F00A6E385 /* ViewData */,
				2D350E90234935D40050F475 /* ItemDetail */,
				2D350E8F234935880050F475 /* ItemList */,
			);
			path = Presentation;
			sourceTree = "<group>";
		};
		2D350E83234934F90050F475 /* Actions */ = {
			isa = PBXGroup;
			children = (
				2D350E87234935280050F475 /* SearchItems.swift */,
				2D350ED8234C46FB0050F475 /* GetItems.swift */,
				2D350EDC234C497B0050F475 /* GetSearchConfigurations.swift */,
				2D350EEC234C5B660050F475 /* GetItemDetails.swift */,
			);
			path = Actions;
			sourceTree = "<group>";
		};
		2D350E84234935000050F475 /* Entities */ = {
			isa = PBXGroup;
			children = (
				2D350E85234935110050F475 /* Item.swift */,
				2D350EA1234BF9B60050F475 /* QueryFilter.swift */,
				2D350EA5234BFA030050F475 /* SearchResponse.swift */,
				2D350EA9234BFA3B0050F475 /* SearchConfigurations.swift */,
				2D350EDE234C513C0050F475 /* Seller.swift */,
				2D350EE0234C52600050F475 /* Installments.swift */,
				2D350EE2234C52EE0050F475 /* Address.swift */,
				2D350EE4234C534E0050F475 /* Shipping.swift */,
				2D350EE6234C53E00050F475 /* SellerAddress.swift */,
				2D350EE8234C54B40050F475 /* Attributes.swift */,
			);
			path = Entities;
			sourceTree = "<group>";
		};
		2D350E89234935340050F475 /* Repositories */ = {
			isa = PBXGroup;
			children = (
				2D350E8A2349354B0050F475 /* ItemsRepository.swift */,
				2D350EA3234BF9E50050F475 /* SearchItemsRepository.swift */,
				2D350EA7234BFA240050F475 /* SearchConfigurationsRepository.swift */,
			);
			path = Repositories;
			sourceTree = "<group>";
		};
		2D350E8C234935530050F475 /* Repositories */ = {
			isa = PBXGroup;
			children = (
				2D350E8D234935670050F475 /* InMemoryItemsRepository.swift */,
				2D350EAB234BFC2A0050F475 /* InMemorySearchConfigurationsRepository.swift */,
				2D350EAD234BFD8F0050F475 /* ApiSearchItemsRepository.swift */,
			);
			path = Repositories;
			sourceTree = "<group>";
		};
		2D350E8F234935880050F475 /* ItemList */ = {
			isa = PBXGroup;
			children = (
				2D51E50C234E6DDB002376F5 /* Views */,
				2D350E93234936CA0050F475 /* ItemListViewModel.swift */,
				2D068AEB234D7B7100A6E385 /* ItemListViewController.swift */,
				2D068AEC234D7B7100A6E385 /* ItemListViewController.xib */,
			);
			path = ItemList;
			sourceTree = "<group>";
		};
		2D350E90234935D40050F475 /* ItemDetail */ = {
			isa = PBXGroup;
			children = (
				2D350E91234936BF0050F475 /* ItemDetailViewModel.swift */,
			);
			path = ItemDetail;
			sourceTree = "<group>";
		};
		2D350E97234BE4490050F475 /* Domain */ = {
			isa = PBXGroup;
			children = (
				2D350E98234BE46C0050F475 /* SearchItemsTests.swift */,
				2D350ED6234C45040050F475 /* GetItemsTests.swift */,
				2D350EDA234C47390050F475 /* GetSearchConfigurationsTests.swift */,
				2D350EEA234C59FB0050F475 /* GetItemDetailsTests.swift */,
			);
			path = Domain;
			sourceTree = "<group>";
		};
		2D350E9A234BF82B0050F475 /* Doubles */ = {
			isa = PBXGroup;
			children = (
				2D350E9B234BF8390050F475 /* SearchItemsRepositorySpy.swift */,
				2D350E9D234BF8D30050F475 /* SearchConfigurationsRepositorySpy.swift */,
				2D350E9F234BF8FC0050F475 /* ItemsRepositorySpy.swift */,
				2D068AE5234D5F5400A6E385 /* GetItemDetailsSpy.swift */,
				2D068AE9234D783200A6E385 /* SearchItemsSpy.swift */,
			);
			path = Doubles;
			sourceTree = "<group>";
		};
		2D350EAF234C19E40050F475 /* Entities */ = {
			isa = PBXGroup;
			children = (
				2D350EB0234C19EF0050F475 /* ApiError.swift */,
			);
			path = Entities;
			sourceTree = "<group>";
		};
		2D350EB2234C2E050050F475 /* Responses */ = {
			isa = PBXGroup;
			children = (
				2D350EB3234C2E170050F475 /* SearchDataResponse.swift */,
				2D350EB5234C2E740050F475 /* PagingDataResponse.swift */,
				2D350EB8234C2F180050F475 /* ItemDataResponse.swift */,
				2D350EBA234C36770050F475 /* SellerDataResponse.swift */,
				2D350EBC234C37200050F475 /* InstallmentsDataResponse.swift */,
				2D350EBE234C383A0050F475 /* AddressDataResponse.swift */,
				2D350EC0234C39710050F475 /* ShippingDataResponse.swift */,
				2D350EC2234C3B0F0050F475 /* SellerAddressDataResponse.swift */,
				2D350EC4234C3B310050F475 /* CountryDataResponse.swift */,
				2D350EC6234C3B580050F475 /* StateDataResponse.swift */,
				2D350EC8234C3B6A0050F475 /* CityDataResponse.swift */,
				2D350ECA234C3CDB0050F475 /* AttributesDataResponse.swift */,
				2D350ECC234C3CED0050F475 /* ValuesDataResponse.swift */,
				2D350ECE234C3E210050F475 /* SortDataResponse.swift */,
				2D350ED0234C3F660050F475 /* FilterDataResponse.swift */,
				2D350ED2234C3F7A0050F475 /* FilterValuesDataResponse.swift */,
				2D350ED4234C3F8D0050F475 /* PathFromRootDataResponse.swift */,
				2D068AF8234D925600A6E385 /* ValueStruct.swift */,
			);
			path = Responses;
			sourceTree = "<group>";
		};
		2D4372AF23493172001EB1EC = {
			isa = PBXGroup;
			children = (
				2D4372BA23493173001EB1EC /* meli-mobile-candidate */,
				2D4372CF23493177001EB1EC /* meli-mobile-candidateTests */,
				2D4372B923493173001EB1EC /* Products */,
				8B49E29F72972617DEF7C757 /* Pods */,
				D0191206DACF7EBC6E943A0D /* Frameworks */,
			);
			sourceTree = "<group>";
		};
		2D4372B923493173001EB1EC /* Products */ = {
			isa = PBXGroup;
			children = (
				2D4372B823493173001EB1EC /* meli-mobile-candidate.app */,
				2D4372CC23493177001EB1EC /* meli-mobile-candidateTests.xctest */,
			);
			name = Products;
			sourceTree = "<group>";
		};
		2D4372BA23493173001EB1EC /* meli-mobile-candidate */ = {
			isa = PBXGroup;
			children = (
				2D350E80234934AC0050F475 /* Domain */,
				2D350E81234934B80050F475 /* Infrastructure */,
				2D350E82234934C40050F475 /* Presentation */,
				2D4372BB23493173001EB1EC /* AppDelegate.swift */,
				2D4372BD23493173001EB1EC /* ViewController.swift */,
				2D4372BF23493173001EB1EC /* Main.storyboard */,
				2D4372C223493177001EB1EC /* Assets.xcassets */,
				2D4372C423493177001EB1EC /* LaunchScreen.storyboard */,
				2D4372C723493177001EB1EC /* Info.plist */,
				2D068AFC234DA08D00A6E385 /* Extensions.swift */,
			);
			path = "meli-mobile-candidate";
			sourceTree = "<group>";
		};
		2D4372CF23493177001EB1EC /* meli-mobile-candidateTests */ = {
			isa = PBXGroup;
			children = (
				2D068AE2234D54A800A6E385 /* Presentation */,
				2D350E9A234BF82B0050F475 /* Doubles */,
				2D350E97234BE4490050F475 /* Domain */,
				2D4372D223493177001EB1EC /* Info.plist */,
			);
			path = "meli-mobile-candidateTests";
			sourceTree = "<group>";
		};
		2D51E50C234E6DDB002376F5 /* Views */ = {
			isa = PBXGroup;
			children = (
				2D51E512234E784A002376F5 /* FilterHeaderView.swift */,
				2D51E515234E787C002376F5 /* FilterHeaderView.xib */,
				2D51E50D234E6E25002376F5 /* FilterCellView.swift */,
				2D51E50E234E6E25002376F5 /* FilterCellView.xib */,
				2D068AF1234D849800A6E385 /* ItemCellView.swift */,
				2D068AF3234D84A700A6E385 /* ItemCellView.xib */,
				2D068AFE234DA7BB00A6E385 /* HeaderView.swift */,
			);
			path = Views;
			sourceTree = "<group>";
		};
		8B49E29F72972617DEF7C757 /* Pods */ = {
			isa = PBXGroup;
			children = (
				16029984398B9FFE95CA34E6 /* Pods-meli-mobile-candidate.debug.xcconfig */,
				1A33364BF6FEFCFC1780343C /* Pods-meli-mobile-candidate.release.xcconfig */,
				41AEFD46D59089B131D9DE6D /* Pods-meli-mobile-candidateTests.debug.xcconfig */,
				0163BB1BE7D4A3ADDD614E8A /* Pods-meli-mobile-candidateTests.release.xcconfig */,
			);
			path = Pods;
			sourceTree = "<group>";
		};
		D0191206DACF7EBC6E943A0D /* Frameworks */ = {
			isa = PBXGroup;
			children = (
				886977B130588E8C77F0A594 /* Pods_meli_mobile_candidate.framework */,
				8487259E392D77392A122A10 /* Pods_meli_mobile_candidateTests.framework */,
			);
			name = Frameworks;
			sourceTree = "<group>";
		};
/* End PBXGroup section */

/* Begin PBXNativeTarget section */
		2D4372B723493173001EB1EC /* meli-mobile-candidate */ = {
			isa = PBXNativeTarget;
			buildConfigurationList = 2D4372D523493177001EB1EC /* Build configuration list for PBXNativeTarget "meli-mobile-candidate" */;
			buildPhases = (
				AF08E5C8A432C5E574669C17 /* [CP] Check Pods Manifest.lock */,
				2D4372B423493173001EB1EC /* Sources */,
				2D4372B523493173001EB1EC /* Frameworks */,
				2D4372B623493173001EB1EC /* Resources */,
				C3B435236B90DE6F4227D3D5 /* [CP] Embed Pods Frameworks */,
			);
			buildRules = (
			);
			dependencies = (
			);
			name = "meli-mobile-candidate";
			productName = "meli-mobile-candidate";
			productReference = 2D4372B823493173001EB1EC /* meli-mobile-candidate.app */;
			productType = "com.apple.product-type.application";
		};
		2D4372CB23493177001EB1EC /* meli-mobile-candidateTests */ = {
			isa = PBXNativeTarget;
			buildConfigurationList = 2D4372D823493177001EB1EC /* Build configuration list for PBXNativeTarget "meli-mobile-candidateTests" */;
			buildPhases = (
				D64C19BC5D361729FB5EF260 /* [CP] Check Pods Manifest.lock */,
				2D4372C823493177001EB1EC /* Sources */,
				2D4372C923493177001EB1EC /* Frameworks */,
				2D4372CA23493177001EB1EC /* Resources */,
			);
			buildRules = (
			);
			dependencies = (
				2D4372CE23493177001EB1EC /* PBXTargetDependency */,
			);
			name = "meli-mobile-candidateTests";
			productName = "meli-mobile-candidateTests";
			productReference = 2D4372CC23493177001EB1EC /* meli-mobile-candidateTests.xctest */;
			productType = "com.apple.product-type.bundle.unit-test";
		};
/* End PBXNativeTarget section */

/* Begin PBXProject section */
		2D4372B023493172001EB1EC /* Project object */ = {
			isa = PBXProject;
			attributes = {
				LastSwiftUpdateCheck = 1020;
				LastUpgradeCheck = 1020;
				ORGANIZATIONNAME = "Francisco Guerrero";
				TargetAttributes = {
					2D4372B723493173001EB1EC = {
						CreatedOnToolsVersion = 10.2.1;
					};
					2D4372CB23493177001EB1EC = {
						CreatedOnToolsVersion = 10.2.1;
						TestTargetID = 2D4372B723493173001EB1EC;
					};
				};
			};
			buildConfigurationList = 2D4372B323493172001EB1EC /* Build configuration list for PBXProject "meli-mobile-candidate" */;
			compatibilityVersion = "Xcode 9.3";
			developmentRegion = en;
			hasScannedForEncodings = 0;
			knownRegions = (
				en,
				Base,
			);
			mainGroup = 2D4372AF23493172001EB1EC;
			productRefGroup = 2D4372B923493173001EB1EC /* Products */;
			projectDirPath = "";
			projectRoot = "";
			targets = (
				2D4372B723493173001EB1EC /* meli-mobile-candidate */,
				2D4372CB23493177001EB1EC /* meli-mobile-candidateTests */,
			);
		};
/* End PBXProject section */

/* Begin PBXResourcesBuildPhase section */
		2D4372B623493173001EB1EC /* Resources */ = {
			isa = PBXResourcesBuildPhase;
			buildActionMask = 2147483647;
			files = (
				2D4372C623493177001EB1EC /* LaunchScreen.storyboard in Resources */,
				2D068AF4234D84A700A6E385 /* ItemCellView.xib in Resources */,
				2D51E516234E787C002376F5 /* FilterHeaderView.xib in Resources */,
				2D068AEE234D7B7100A6E385 /* ItemListViewController.xib in Resources */,
				2D4372C323493177001EB1EC /* Assets.xcassets in Resources */,
				2D51E510234E6E25002376F5 /* FilterCellView.xib in Resources */,
				2D4372C123493173001EB1EC /* Main.storyboard in Resources */,
			);
			runOnlyForDeploymentPostprocessing = 0;
		};
		2D4372CA23493177001EB1EC /* Resources */ = {
			isa = PBXResourcesBuildPhase;
			buildActionMask = 2147483647;
			files = (
			);
			runOnlyForDeploymentPostprocessing = 0;
		};
/* End PBXResourcesBuildPhase section */

/* Begin PBXShellScriptBuildPhase section */
		AF08E5C8A432C5E574669C17 /* [CP] Check Pods Manifest.lock */ = {
			isa = PBXShellScriptBuildPhase;
			buildActionMask = 2147483647;
			files = (
			);
			inputFileListPaths = (
			);
			inputPaths = (
				"${PODS_PODFILE_DIR_PATH}/Podfile.lock",
				"${PODS_ROOT}/Manifest.lock",
			);
			name = "[CP] Check Pods Manifest.lock";
			outputFileListPaths = (
			);
			outputPaths = (
				"$(DERIVED_FILE_DIR)/Pods-meli-mobile-candidate-checkManifestLockResult.txt",
			);
			runOnlyForDeploymentPostprocessing = 0;
			shellPath = /bin/sh;
			shellScript = "diff \"${PODS_PODFILE_DIR_PATH}/Podfile.lock\" \"${PODS_ROOT}/Manifest.lock\" > /dev/null\nif [ $? != 0 ] ; then\n    # print error to STDERR\n    echo \"error: The sandbox is not in sync with the Podfile.lock. Run 'pod install' or update your CocoaPods installation.\" >&2\n    exit 1\nfi\n# This output is used by Xcode 'outputs' to avoid re-running this script phase.\necho \"SUCCESS\" > \"${SCRIPT_OUTPUT_FILE_0}\"\n";
			showEnvVarsInLog = 0;
		};
		C3B435236B90DE6F4227D3D5 /* [CP] Embed Pods Frameworks */ = {
			isa = PBXShellScriptBuildPhase;
			buildActionMask = 2147483647;
			files = (
			);
			inputFileListPaths = (
				"${PODS_ROOT}/Target Support Files/Pods-meli-mobile-candidate/Pods-meli-mobile-candidate-frameworks-${CONFIGURATION}-input-files.xcfilelist",
			);
			name = "[CP] Embed Pods Frameworks";
			outputFileListPaths = (
				"${PODS_ROOT}/Target Support Files/Pods-meli-mobile-candidate/Pods-meli-mobile-candidate-frameworks-${CONFIGURATION}-output-files.xcfilelist",
			);
			runOnlyForDeploymentPostprocessing = 0;
			shellPath = /bin/sh;
			shellScript = "\"${PODS_ROOT}/Target Support Files/Pods-meli-mobile-candidate/Pods-meli-mobile-candidate-frameworks.sh\"\n";
			showEnvVarsInLog = 0;
		};
		D64C19BC5D361729FB5EF260 /* [CP] Check Pods Manifest.lock */ = {
			isa = PBXShellScriptBuildPhase;
			buildActionMask = 2147483647;
			files = (
			);
			inputFileListPaths = (
			);
			inputPaths = (
				"${PODS_PODFILE_DIR_PATH}/Podfile.lock",
				"${PODS_ROOT}/Manifest.lock",
			);
			name = "[CP] Check Pods Manifest.lock";
			outputFileListPaths = (
			);
			outputPaths = (
				"$(DERIVED_FILE_DIR)/Pods-meli-mobile-candidateTests-checkManifestLockResult.txt",
			);
			runOnlyForDeploymentPostprocessing = 0;
			shellPath = /bin/sh;
			shellScript = "diff \"${PODS_PODFILE_DIR_PATH}/Podfile.lock\" \"${PODS_ROOT}/Manifest.lock\" > /dev/null\nif [ $? != 0 ] ; then\n    # print error to STDERR\n    echo \"error: The sandbox is not in sync with the Podfile.lock. Run 'pod install' or update your CocoaPods installation.\" >&2\n    exit 1\nfi\n# This output is used by Xcode 'outputs' to avoid re-running this script phase.\necho \"SUCCESS\" > \"${SCRIPT_OUTPUT_FILE_0}\"\n";
			showEnvVarsInLog = 0;
		};
/* End PBXShellScriptBuildPhase section */

/* Begin PBXSourcesBuildPhase section */
		2D4372B423493173001EB1EC /* Sources */ = {
			isa = PBXSourcesBuildPhase;
			buildActionMask = 2147483647;
			files = (
				2D51E50F234E6E25002376F5 /* FilterCellView.swift in Sources */,
				2D350EC3234C3B0F0050F475 /* SellerAddressDataResponse.swift in Sources */,
				2D350EE1234C52600050F475 /* Installments.swift in Sources */,
				2D350EAA234BFA3B0050F475 /* SearchConfigurations.swift in Sources */,
				2D350EC5234C3B310050F475 /* CountryDataResponse.swift in Sources */,
				2D350EA2234BF9B60050F475 /* QueryFilter.swift in Sources */,
				2D068AF9234D925600A6E385 /* ValueStruct.swift in Sources */,
				2D068AF0234D7EC700A6E385 /* ViewModelsFactory.swift in Sources */,
				2D350E8E234935670050F475 /* InMemoryItemsRepository.swift in Sources */,
				2D350EC9234C3B6A0050F475 /* CityDataResponse.swift in Sources */,
				2D350EDF234C513C0050F475 /* Seller.swift in Sources */,
				2D350E94234936CA0050F475 /* ItemListViewModel.swift in Sources */,
				2D350E88234935280050F475 /* SearchItems.swift in Sources */,
				2D350EED234C5B660050F475 /* GetItemDetails.swift in Sources */,
				2D350E8B2349354B0050F475 /* ItemsRepository.swift in Sources */,
				2D4372BE23493173001EB1EC /* ViewController.swift in Sources */,
				2D350EBB234C36770050F475 /* SellerDataResponse.swift in Sources */,
				2D350ED1234C3F660050F475 /* FilterDataResponse.swift in Sources */,
				2D350EA6234BFA030050F475 /* SearchResponse.swift in Sources */,
				2D350EAC234BFC2A0050F475 /* InMemorySearchConfigurationsRepository.swift in Sources */,
				2D350EA4234BF9E50050F475 /* SearchItemsRepository.swift in Sources */,
				2D068AFF234DA7BB00A6E385 /* HeaderView.swift in Sources */,
				2D350EA8234BFA240050F475 /* SearchConfigurationsRepository.swift in Sources */,
				2D350EE5234C534E0050F475 /* Shipping.swift in Sources */,
				2D068AF2234D849800A6E385 /* ItemCellView.swift in Sources */,
				2D350EE7234C53E00050F475 /* SellerAddress.swift in Sources */,
				2D350ECB234C3CDB0050F475 /* AttributesDataResponse.swift in Sources */,
				2D350ED9234C46FB0050F475 /* GetItems.swift in Sources */,
				2D350EB4234C2E170050F475 /* SearchDataResponse.swift in Sources */,
				2D350E86234935110050F475 /* Item.swift in Sources */,
				2D23BF64234FEC1600621811 /* FilterViewData.swift in Sources */,
				2D350EC1234C39710050F475 /* ShippingDataResponse.swift in Sources */,
				2D350EAE234BFD8F0050F475 /* ApiSearchItemsRepository.swift in Sources */,
				2D350EE3234C52EE0050F475 /* Address.swift in Sources */,
				2D350EE9234C54B40050F475 /* Attributes.swift in Sources */,
				2D350ECF234C3E210050F475 /* SortDataResponse.swift in Sources */,
				2D350EBF234C383A0050F475 /* AddressDataResponse.swift in Sources */,
				2D350EB9234C2F180050F475 /* ItemDataResponse.swift in Sources */,
				2D350EDD234C497B0050F475 /* GetSearchConfigurations.swift in Sources */,
				2D350ED3234C3F7A0050F475 /* FilterValuesDataResponse.swift in Sources */,
				2D350EB1234C19EF0050F475 /* ApiError.swift in Sources */,
				2D23BF66234FEC2800621811 /* ValueViewData.swift in Sources */,
				2D350ECD234C3CED0050F475 /* ValuesDataResponse.swift in Sources */,
				2D350E92234936BF0050F475 /* ItemDetailViewModel.swift in Sources */,
				2D068AED234D7B7100A6E385 /* ItemListViewController.swift in Sources */,
				2D350ED5234C3F8D0050F475 /* PathFromRootDataResponse.swift in Sources */,
				2D068AF7234D8A2E00A6E385 /* QueryViewData.swift in Sources */,
				2D068AFD234DA08D00A6E385 /* Extensions.swift in Sources */,
				2D51E514234E784A002376F5 /* FilterHeaderView.swift in Sources */,
				2D350EC7234C3B580050F475 /* StateDataResponse.swift in Sources */,
				2D350EBD234C37200050F475 /* InstallmentsDataResponse.swift in Sources */,
				2D350EB6234C2E740050F475 /* PagingDataResponse.swift in Sources */,
				2D4372BC23493173001EB1EC /* AppDelegate.swift in Sources */,
			);
			runOnlyForDeploymentPostprocessing = 0;
		};
		2D4372C823493177001EB1EC /* Sources */ = {
			isa = PBXSourcesBuildPhase;
			buildActionMask = 2147483647;
			files = (
				2D350E99234BE46C0050F475 /* SearchItemsTests.swift in Sources */,
				2D068AE8234D5FC800A6E385 /* ItemListViewModelTests.swift in Sources */,
				2D350EDB234C47390050F475 /* GetSearchConfigurationsTests.swift in Sources */,
				2D068AE4234D54D500A6E385 /* ItemDetailViewModelTests.swift in Sources */,
				2D350EA0234BF8FC0050F475 /* ItemsRepositorySpy.swift in Sources */,
				2D068AEA234D783200A6E385 /* SearchItemsSpy.swift in Sources */,
				2D350E9C234BF8390050F475 /* SearchItemsRepositorySpy.swift in Sources */,
				2D350E9E234BF8D30050F475 /* SearchConfigurationsRepositorySpy.swift in Sources */,
				2D350EEB234C59FB0050F475 /* GetItemDetailsTests.swift in Sources */,
				2D350ED7234C45040050F475 /* GetItemsTests.swift in Sources */,
				2D068AE6234D5F5400A6E385 /* GetItemDetailsSpy.swift in Sources */,
			);
			runOnlyForDeploymentPostprocessing = 0;
		};
/* End PBXSourcesBuildPhase section */

/* Begin PBXTargetDependency section */
		2D4372CE23493177001EB1EC /* PBXTargetDependency */ = {
			isa = PBXTargetDependency;
			target = 2D4372B723493173001EB1EC /* meli-mobile-candidate */;
			targetProxy = 2D4372CD23493177001EB1EC /* PBXContainerItemProxy */;
		};
/* End PBXTargetDependency section */

/* Begin PBXVariantGroup section */
		2D4372BF23493173001EB1EC /* Main.storyboard */ = {
			isa = PBXVariantGroup;
			children = (
				2D4372C023493173001EB1EC /* Base */,
			);
			name = Main.storyboard;
			sourceTree = "<group>";
		};
		2D4372C423493177001EB1EC /* LaunchScreen.storyboard */ = {
			isa = PBXVariantGroup;
			children = (
				2D4372C523493177001EB1EC /* Base */,
			);
			name = LaunchScreen.storyboard;
			sourceTree = "<group>";
		};
/* End PBXVariantGroup section */

/* Begin XCBuildConfiguration section */
		2D4372D323493177001EB1EC /* Debug */ = {
			isa = XCBuildConfiguration;
			buildSettings = {
				ALWAYS_SEARCH_USER_PATHS = NO;
				CLANG_ANALYZER_NONNULL = YES;
				CLANG_ANALYZER_NUMBER_OBJECT_CONVERSION = YES_AGGRESSIVE;
				CLANG_CXX_LANGUAGE_STANDARD = "gnu++14";
				CLANG_CXX_LIBRARY = "libc++";
				CLANG_ENABLE_MODULES = YES;
				CLANG_ENABLE_OBJC_ARC = YES;
				CLANG_ENABLE_OBJC_WEAK = YES;
				CLANG_WARN_BLOCK_CAPTURE_AUTORELEASING = YES;
				CLANG_WARN_BOOL_CONVERSION = YES;
				CLANG_WARN_COMMA = YES;
				CLANG_WARN_CONSTANT_CONVERSION = YES;
				CLANG_WARN_DEPRECATED_OBJC_IMPLEMENTATIONS = YES;
				CLANG_WARN_DIRECT_OBJC_ISA_USAGE = YES_ERROR;
				CLANG_WARN_DOCUMENTATION_COMMENTS = YES;
				CLANG_WARN_EMPTY_BODY = YES;
				CLANG_WARN_ENUM_CONVERSION = YES;
				CLANG_WARN_INFINITE_RECURSION = YES;
				CLANG_WARN_INT_CONVERSION = YES;
				CLANG_WARN_NON_LITERAL_NULL_CONVERSION = YES;
				CLANG_WARN_OBJC_IMPLICIT_RETAIN_SELF = YES;
				CLANG_WARN_OBJC_LITERAL_CONVERSION = YES;
				CLANG_WARN_OBJC_ROOT_CLASS = YES_ERROR;
				CLANG_WARN_RANGE_LOOP_ANALYSIS = YES;
				CLANG_WARN_STRICT_PROTOTYPES = YES;
				CLANG_WARN_SUSPICIOUS_MOVE = YES;
				CLANG_WARN_UNGUARDED_AVAILABILITY = YES_AGGRESSIVE;
				CLANG_WARN_UNREACHABLE_CODE = YES;
				CLANG_WARN__DUPLICATE_METHOD_MATCH = YES;
				CODE_SIGN_IDENTITY = "iPhone Developer";
				COPY_PHASE_STRIP = NO;
				DEBUG_INFORMATION_FORMAT = dwarf;
				ENABLE_STRICT_OBJC_MSGSEND = YES;
				ENABLE_TESTABILITY = YES;
				GCC_C_LANGUAGE_STANDARD = gnu11;
				GCC_DYNAMIC_NO_PIC = NO;
				GCC_NO_COMMON_BLOCKS = YES;
				GCC_OPTIMIZATION_LEVEL = 0;
				GCC_PREPROCESSOR_DEFINITIONS = (
					"DEBUG=1",
					"$(inherited)",
				);
				GCC_WARN_64_TO_32_BIT_CONVERSION = YES;
				GCC_WARN_ABOUT_RETURN_TYPE = YES_ERROR;
				GCC_WARN_UNDECLARED_SELECTOR = YES;
				GCC_WARN_UNINITIALIZED_AUTOS = YES_AGGRESSIVE;
				GCC_WARN_UNUSED_FUNCTION = YES;
				GCC_WARN_UNUSED_VARIABLE = YES;
				IPHONEOS_DEPLOYMENT_TARGET = 12.2;
				MTL_ENABLE_DEBUG_INFO = INCLUDE_SOURCE;
				MTL_FAST_MATH = YES;
				ONLY_ACTIVE_ARCH = YES;
				SDKROOT = iphoneos;
				SWIFT_ACTIVE_COMPILATION_CONDITIONS = DEBUG;
				SWIFT_OPTIMIZATION_LEVEL = "-Onone";
			};
			name = Debug;
		};
		2D4372D423493177001EB1EC /* Release */ = {
			isa = XCBuildConfiguration;
			buildSettings = {
				ALWAYS_SEARCH_USER_PATHS = NO;
				CLANG_ANALYZER_NONNULL = YES;
				CLANG_ANALYZER_NUMBER_OBJECT_CONVERSION = YES_AGGRESSIVE;
				CLANG_CXX_LANGUAGE_STANDARD = "gnu++14";
				CLANG_CXX_LIBRARY = "libc++";
				CLANG_ENABLE_MODULES = YES;
				CLANG_ENABLE_OBJC_ARC = YES;
				CLANG_ENABLE_OBJC_WEAK = YES;
				CLANG_WARN_BLOCK_CAPTURE_AUTORELEASING = YES;
				CLANG_WARN_BOOL_CONVERSION = YES;
				CLANG_WARN_COMMA = YES;
				CLANG_WARN_CONSTANT_CONVERSION = YES;
				CLANG_WARN_DEPRECATED_OBJC_IMPLEMENTATIONS = YES;
				CLANG_WARN_DIRECT_OBJC_ISA_USAGE = YES_ERROR;
				CLANG_WARN_DOCUMENTATION_COMMENTS = YES;
				CLANG_WARN_EMPTY_BODY = YES;
				CLANG_WARN_ENUM_CONVERSION = YES;
				CLANG_WARN_INFINITE_RECURSION = YES;
				CLANG_WARN_INT_CONVERSION = YES;
				CLANG_WARN_NON_LITERAL_NULL_CONVERSION = YES;
				CLANG_WARN_OBJC_IMPLICIT_RETAIN_SELF = YES;
				CLANG_WARN_OBJC_LITERAL_CONVERSION = YES;
				CLANG_WARN_OBJC_ROOT_CLASS = YES_ERROR;
				CLANG_WARN_RANGE_LOOP_ANALYSIS = YES;
				CLANG_WARN_STRICT_PROTOTYPES = YES;
				CLANG_WARN_SUSPICIOUS_MOVE = YES;
				CLANG_WARN_UNGUARDED_AVAILABILITY = YES_AGGRESSIVE;
				CLANG_WARN_UNREACHABLE_CODE = YES;
				CLANG_WARN__DUPLICATE_METHOD_MATCH = YES;
				CODE_SIGN_IDENTITY = "iPhone Developer";
				COPY_PHASE_STRIP = NO;
				DEBUG_INFORMATION_FORMAT = "dwarf-with-dsym";
				ENABLE_NS_ASSERTIONS = NO;
				ENABLE_STRICT_OBJC_MSGSEND = YES;
				GCC_C_LANGUAGE_STANDARD = gnu11;
				GCC_NO_COMMON_BLOCKS = YES;
				GCC_WARN_64_TO_32_BIT_CONVERSION = YES;
				GCC_WARN_ABOUT_RETURN_TYPE = YES_ERROR;
				GCC_WARN_UNDECLARED_SELECTOR = YES;
				GCC_WARN_UNINITIALIZED_AUTOS = YES_AGGRESSIVE;
				GCC_WARN_UNUSED_FUNCTION = YES;
				GCC_WARN_UNUSED_VARIABLE = YES;
				IPHONEOS_DEPLOYMENT_TARGET = 12.2;
				MTL_ENABLE_DEBUG_INFO = NO;
				MTL_FAST_MATH = YES;
				SDKROOT = iphoneos;
				SWIFT_COMPILATION_MODE = wholemodule;
				SWIFT_OPTIMIZATION_LEVEL = "-O";
				VALIDATE_PRODUCT = YES;
			};
			name = Release;
		};
		2D4372D623493177001EB1EC /* Debug */ = {
			isa = XCBuildConfiguration;
			baseConfigurationReference = 16029984398B9FFE95CA34E6 /* Pods-meli-mobile-candidate.debug.xcconfig */;
			buildSettings = {
				ASSETCATALOG_COMPILER_APPICON_NAME = AppIcon;
				CODE_SIGN_STYLE = Automatic;
				DEVELOPMENT_TEAM = E3GM97CH7R;
				INFOPLIST_FILE = "meli-mobile-candidate/Info.plist";
				LD_RUNPATH_SEARCH_PATHS = (
					"$(inherited)",
					"@executable_path/Frameworks",
				);
				PRODUCT_BUNDLE_IDENTIFIER = "francoguerrerog.meli-mobile-candidate";
				PRODUCT_NAME = "$(TARGET_NAME)";
				SWIFT_VERSION = 5.0;
				TARGETED_DEVICE_FAMILY = "1,2";
			};
			name = Debug;
		};
		2D4372D723493177001EB1EC /* Release */ = {
			isa = XCBuildConfiguration;
			baseConfigurationReference = 1A33364BF6FEFCFC1780343C /* Pods-meli-mobile-candidate.release.xcconfig */;
			buildSettings = {
				ASSETCATALOG_COMPILER_APPICON_NAME = AppIcon;
				CODE_SIGN_STYLE = Automatic;
				DEVELOPMENT_TEAM = E3GM97CH7R;
				INFOPLIST_FILE = "meli-mobile-candidate/Info.plist";
				LD_RUNPATH_SEARCH_PATHS = (
					"$(inherited)",
					"@executable_path/Frameworks",
				);
				PRODUCT_BUNDLE_IDENTIFIER = "francoguerrerog.meli-mobile-candidate";
				PRODUCT_NAME = "$(TARGET_NAME)";
				SWIFT_VERSION = 5.0;
				TARGETED_DEVICE_FAMILY = "1,2";
			};
			name = Release;
		};
		2D4372D923493177001EB1EC /* Debug */ = {
			isa = XCBuildConfiguration;
			baseConfigurationReference = 41AEFD46D59089B131D9DE6D /* Pods-meli-mobile-candidateTests.debug.xcconfig */;
			buildSettings = {
				ALWAYS_EMBED_SWIFT_STANDARD_LIBRARIES = YES;
				BUNDLE_LOADER = "$(TEST_HOST)";
				CODE_SIGN_STYLE = Automatic;
				DEVELOPMENT_TEAM = E3GM97CH7R;
				INFOPLIST_FILE = "meli-mobile-candidateTests/Info.plist";
				LD_RUNPATH_SEARCH_PATHS = (
					"$(inherited)",
					"@executable_path/Frameworks",
					"@loader_path/Frameworks",
				);
				PRODUCT_BUNDLE_IDENTIFIER = "francoguerrerog.meli-mobile-candidateTests";
				PRODUCT_NAME = "$(TARGET_NAME)";
				SWIFT_VERSION = 5.0;
				TARGETED_DEVICE_FAMILY = "1,2";
				TEST_HOST = "$(BUILT_PRODUCTS_DIR)/meli-mobile-candidate.app/meli-mobile-candidate";
			};
			name = Debug;
		};
		2D4372DA23493177001EB1EC /* Release */ = {
			isa = XCBuildConfiguration;
			baseConfigurationReference = 0163BB1BE7D4A3ADDD614E8A /* Pods-meli-mobile-candidateTests.release.xcconfig */;
			buildSettings = {
				ALWAYS_EMBED_SWIFT_STANDARD_LIBRARIES = YES;
				BUNDLE_LOADER = "$(TEST_HOST)";
				CODE_SIGN_STYLE = Automatic;
				DEVELOPMENT_TEAM = E3GM97CH7R;
				INFOPLIST_FILE = "meli-mobile-candidateTests/Info.plist";
				LD_RUNPATH_SEARCH_PATHS = (
					"$(inherited)",
					"@executable_path/Frameworks",
					"@loader_path/Frameworks",
				);
				PRODUCT_BUNDLE_IDENTIFIER = "francoguerrerog.meli-mobile-candidateTests";
				PRODUCT_NAME = "$(TARGET_NAME)";
				SWIFT_VERSION = 5.0;
				TARGETED_DEVICE_FAMILY = "1,2";
				TEST_HOST = "$(BUILT_PRODUCTS_DIR)/meli-mobile-candidate.app/meli-mobile-candidate";
			};
			name = Release;
		};
/* End XCBuildConfiguration section */

/* Begin XCConfigurationList section */
		2D4372B323493172001EB1EC /* Build configuration list for PBXProject "meli-mobile-candidate" */ = {
			isa = XCConfigurationList;
			buildConfigurations = (
				2D4372D323493177001EB1EC /* Debug */,
				2D4372D423493177001EB1EC /* Release */,
			);
			defaultConfigurationIsVisible = 0;
			defaultConfigurationName = Release;
		};
		2D4372D523493177001EB1EC /* Build configuration list for PBXNativeTarget "meli-mobile-candidate" */ = {
			isa = XCConfigurationList;
			buildConfigurations = (
				2D4372D623493177001EB1EC /* Debug */,
				2D4372D723493177001EB1EC /* Release */,
			);
			defaultConfigurationIsVisible = 0;
			defaultConfigurationName = Release;
		};
		2D4372D823493177001EB1EC /* Build configuration list for PBXNativeTarget "meli-mobile-candidateTests" */ = {
			isa = XCConfigurationList;
			buildConfigurations = (
				2D4372D923493177001EB1EC /* Debug */,
				2D4372DA23493177001EB1EC /* Release */,
			);
			defaultConfigurationIsVisible = 0;
			defaultConfigurationName = Release;
		};
/* End XCConfigurationList section */
	};
	rootObject = 2D4372B023493172001EB1EC /* Project object */;
}
